<?xml version="1.0" encoding="utf-8"?>
<Project ToolsVersion="4.0" xmlns="http://schemas.microsoft.com/developer/msbuild/2003">
  <ItemGroup>
    <Filter Include="Source Files">
      <UniqueIdentifier>{4FC737F1-C7A5-4376-A066-2A32D752A2FF}</UniqueIdentifier>
      <Extensions>qml;cpp;c;cc;cxx;def;odl;idl;hpj;bat;asm;asmx</Extensions>
    </Filter>
    <Filter Include="Header Files">
      <UniqueIdentifier>{93995380-89BD-4b04-88EB-625FBE52EBFB}</UniqueIdentifier>
      <Extensions>h;hh;hpp;hxx;hm;inl;inc;xsd</Extensions>
    </Filter>
    <Filter Include="Resource Files">
      <UniqueIdentifier>{67DA6AB6-F800-4c08-8B7A-83BB121AAD01}</UniqueIdentifier>
      <Extensions>qrc;rc;ico;cur;bmp;dlg;rc2;rct;bin;rgs;gif;jpg;jpeg;jpe;resx;tiff;tif;png;wav;mfcribbon-ms</Extensions>
    </Filter>
    <Filter Include="Form Files">
      <UniqueIdentifier>{99349809-55BA-4b9d-BF79-8FDBB0286EB3}</UniqueIdentifier>
      <Extensions>ui</Extensions>
    </Filter>
    <Filter Include="Translation Files">
      <UniqueIdentifier>{639EADAA-A684-42e4-A9AD-28FC9BCB8F7C}</UniqueIdentifier>
      <Extensions>ts</Extensions>
    </Filter>
  </ItemGroup>
  <ItemGroup>
    <QtRcc Include="Resource\YQY.qrc">
      <Filter>Resource Files</Filter>
    </QtRcc>
    <QtUic Include="GUI\Ui\YQY.ui">
      <Filter>Form Files</Filter>
    </QtUic>
    <QtUic Include="GUI\Ui\SettingsPanel.ui">
      <Filter>Form Files</Filter>
    </QtUic>
    <QtUic Include="GUI\Ui\ResultControlPanel.ui"><Filter>Form Files</Filter></QtUic>
    <QtUic Include="GUI\Ui\AnalysisSummaryPanel.ui"><Filter>Form Files</Filter></QtUic>
    <QtUic Include="GUI\Ui\SolveTaskManagerDialog.ui"><Filter>Form Files</Filter></QtUic>
    <QtUic Include="GUI\Ui\PropertyModule.ui"><Filter>Form Files</Filter></QtUic>
    <QtUic Include="GUI\Ui\ConductorModule.ui"><Filter>Form Files</Filter></QtUic>
    <QtUic Include="GUI\Ui\AnalysisManagerDialog.ui"><Filter>Form Files</Filter></QtUic>
    <QtUic Include="GUI\Ui\StepEditorDialog.ui"><Filter>Form Files</Filter></QtUic>
    <QtUic Include="GUI\Ui\LoadEditorDialog.ui"><Filter>Form Files</Filter></QtUic>
    <QtUic Include="GUI\Ui\ConstraintEditorDialog.ui"><Filter>Form Files</Filter></QtUic>
    <QtUic Include="GUI\Ui\PropertyItemEditorDialog.ui"><Filter>Form Files</Filter></QtUic>
    <QtUic Include="GUI\Ui\PropertyLibraryDialog.ui"><Filter>Form Files</Filter></QtUic>
    <QtUic Include="GUI\Ui\NodeResultExportDialog.ui"><Filter>Form Files</Filter></QtUic>
    <QtMoc Include="GUI\YQY.h">
      <Filter>Header Files</Filter>
    </QtMoc>
    <QtMoc Include="GUI\Controllers\ModelController.h">
      <Filter>Header Files</Filter>
    </QtMoc>
    <QtMoc Include="GUI\Controllers\SolveTaskController.h">
      <Filter>Header Files</Filter>
    </QtMoc>
    <QtMoc Include="GUI\Widgets\ModelViewport.h">
      <Filter>Header Files</Filter>
    </QtMoc>
    <ClInclude Include="GUI\Widgets\NavigationButton.h">
      <Filter>Header Files</Filter>
    </ClInclude>
    <ClInclude Include="GUI\Widgets\SettingsPanel.h">
      <Filter>Header Files</Filter>
    </ClInclude>
    <ClInclude Include="GUI\Widgets\ResultControlPanel.h"><Filter>Header Files</Filter></ClInclude>
    <ClInclude Include="GUI\Widgets\AnalysisSummaryPanel.h"><Filter>Header Files</Filter></ClInclude>
    <ClInclude Include="GUI\Widgets\PropertyModule.h"><Filter>Header Files</Filter></ClInclude>
    <ClInclude Include="GUI\Widgets\ConductorModule.h"><Filter>Header Files</Filter></ClInclude>
    <ClInclude Include="GUI\Widgets\CompactDoubleSpinBox.h"><Filter>Header Files</Filter></ClInclude>
    <ClInclude Include="GUI\Widgets\ResultControlInputWidgets.h"><Filter>Header Files</Filter></ClInclude>
    <ClInclude Include="GUI\Dialogs\AnalysisManagerDialog.h">
      <Filter>Header Files</Filter>
    </ClInclude>
    <ClInclude Include="GUI\Dialogs\ComputeRegionManagerDialog.h">
      <Filter>Header Files</Filter>
    </ClInclude>
    <ClInclude Include="GUI\Dialogs\ModelSetManagerDialog.h">
      <Filter>Header Files</Filter>
    </ClInclude>
    <ClInclude Include="GUI\Dialogs\SolveTaskManagerDialog.h"><Filter>Header Files</Filter></ClInclude>
    <ClInclude Include="GUI\Dialogs\PropertyItemEditorDialog.h"><Filter>Header Files</Filter></ClInclude>
    <ClInclude Include="GUI\Dialogs\PropertyLibraryDialog.h"><Filter>Header Files</Filter></ClInclude>
    <ClInclude Include="GUI\Dialogs\NodeResultExportDialog.h"><Filter>Header Files</Filter></ClInclude>
    <ClInclude Include="GUI\Dialogs\ElementResultExportDialog.h"><Filter>Header Files</Filter></ClInclude>
    <ClInclude Include="GUI\Dialogs\FileDialogService.h"><Filter>Header Files</Filter></ClInclude>
    <ClInclude Include="GUI\Widgets\ProgressBarAnimation.h"><Filter>Header Files</Filter></ClInclude>
    <ClInclude Include="Application\ApplicationPaths.h"><Filter>Header Files</Filter></ClInclude>
    <ClInclude Include="Application\ApplicationBootstrap.h"><Filter>Header Files</Filter></ClInclude>
    <ClInclude Include="Application\PaperBeamDynamicsVerification.h"><Filter>Header Files</Filter></ClInclude>
    <ClInclude Include="Application\VerificationRunner.h"><Filter>Header Files</Filter></ClInclude>
    <ClInclude Include="Application\UiAuditRunner.h"><Filter>Header Files</Filter></ClInclude>
    <ClCompile Include="Utility\pch.cpp">
      <Filter>Source Files</Filter>
    </ClCompile>
    <ClCompile Include="GUI\YQY.cpp">
      <Filter>Source Files</Filter>
    </ClCompile>
    <ClCompile Include="GUI\Controllers\ModelController.cpp">
      <Filter>Source Files</Filter>
    </ClCompile>
    <ClCompile Include="GUI\Controllers\ResultDataController.cpp">
      <Filter>Source Files</Filter>
    </ClCompile>
    <ClCompile Include="GUI\Controllers\WorkspaceController.cpp">
      <Filter>Source Files</Filter>
    </ClCompile>
    <ClCompile Include="GUI\Controllers\SolveTaskController.cpp">
      <Filter>Source Files</Filter>
    </ClCompile>
    <ClCompile Include="GUI\Widgets\ModelViewport.cpp">
      <Filter>Source Files</Filter>
    </ClCompile>
    <ClCompile Include="GUI\Widgets\SettingsPanel.cpp">
      <Filter>Source Files</Filter>
    </ClCompile>
    <ClCompile Include="GUI\Widgets\ResultControlPanel.cpp"><Filter>Source Files</Filter></ClCompile>
    <ClCompile Include="GUI\Widgets\AnalysisSummaryPanel.cpp"><Filter>Source Files</Filter></ClCompile>
    <ClCompile Include="GUI\Widgets\PropertyModule.cpp"><Filter>Source Files</Filter></ClCompile>
    <ClCompile Include="GUI\Widgets\ConductorModule.cpp"><Filter>Source Files</Filter></ClCompile>
    <ClCompile Include="GUI\Widgets\ProgressBarAnimation.cpp"><Filter>Source Files</Filter></ClCompile>
    <ClCompile Include="Application\ApplicationPaths.cpp"><Filter>Source Files</Filter></ClCompile>
    <ClCompile Include="Application\ApplicationBootstrap.cpp"><Filter>Source Files</Filter></ClCompile>
    <ClCompile Include="Application\PaperBeamDynamicsVerification.cpp"><Filter>Source Files</Filter></ClCompile>
    <ClCompile Include="Application\VerificationRunner.cpp"><Filter>Source Files</Filter></ClCompile>
    <ClCompile Include="Application\UiAuditRunner.cpp"><Filter>Source Files</Filter></ClCompile>
  </ItemGroup>
  <ItemGroup>
    <ClCompile Include="GUI\Dialogs\AnalysisManagerDialog.cpp">
      <Filter>Source Files</Filter>
    </ClCompile>
    <ClCompile Include="GUI\Dialogs\ComputeRegionManagerDialog.cpp">
      <Filter>Source Files</Filter>
    </ClCompile>
    <ClCompile Include="GUI\Dialogs\ModelSetManagerDialog.cpp">
      <Filter>Source Files</Filter>
    </ClCompile>
    <ClCompile Include="GUI\Dialogs\SolveTaskManagerDialog.cpp"><Filter>Source Files</Filter></ClCompile>
    <ClCompile Include="GUI\Dialogs\PropertyItemEditorDialog.cpp"><Filter>Source Files</Filter></ClCompile>
    <ClCompile Include="GUI\Dialogs\PropertyLibraryDialog.cpp"><Filter>Source Files</Filter></ClCompile>
    <ClCompile Include="GUI\Dialogs\FileDialogService.cpp"><Filter>Source Files</Filter></ClCompile>
    <ClCompile Include="main.cpp">
      <Filter>Source Files</Filter>
    </ClCompile>
    <ClCompile Include="Base\Base.cpp">
      <Filter>Source Files</Filter>
    </ClCompile>
    <ClCompile Include="DataStructure\Node\Node.cpp">
      <Filter>Source Files</Filter>
    </ClCompile>
    <ClCompile Include="DataStructure\Inertia\RigidBodyInertia.cpp">
      <Filter>Source Files</Filter>
    </ClCompile>
    <ClCompile Include="DataStructure\Element\ElementBase.cpp">
      <Filter>Source Files</Filter>
    </ClCompile>
    <ClCompile Include="DataStructure\Element\ElementTruss.cpp">
      <Filter>Source Files</Filter>
    </ClCompile>
    <ClCompile Include="DataStructure\Element\ElementSpringBase.cpp"><Filter>Source Files</Filter></ClCompile>
    <ClCompile Include="DataStructure\Element\ElementSpring1.cpp"><Filter>Source Files</Filter></ClCompile>
    <ClCompile Include="DataStructure\Element\ElementSpring2.cpp"><Filter>Source Files</Filter></ClCompile>
    <ClCompile Include="DataStructure\Element\ElementSpringA.cpp"><Filter>Source Files</Filter></ClCompile>
    <ClCompile Include="DataStructure\Material\Material.cpp">
      <Filter>Source Files</Filter>
    </ClCompile>
    <ClCompile Include="DataStructure\Property\Property.cpp">
      <Filter>Source Files</Filter>
    </ClCompile>
    <ClCompile Include="DataStructure\Section\SectionBase.cpp">
      <Filter>Source Files</Filter>
    </ClCompile>
    <ClCompile Include="Utility\EnumKeyword.cpp">
      <Filter>Source Files</Filter>
    </ClCompile>
    <ClCompile Include="Import\Input_Model.cpp">
      <Filter>Source Files</Filter>
    </ClCompile>
    <ClCompile Include="DataStructure\Structure\StructureData.cpp">
      <Filter>Source Files</Filter>
    </ClCompile>
    <ClCompile Include="DataStructure\Section\SectionCircular.cpp">
      <Filter>Source Files</Filter>
    </ClCompile>
    <ClCompile Include="DataStructure\Section\Section_Ice.cpp">
      <Filter>Source Files</Filter>
    </ClCompile>
    <ClCompile Include="DataStructure\Constraint\Constraint.cpp">
      <Filter>Source Files</Filter>
    </ClCompile>
    <ClCompile Include="DataStructure\Load\Force_Node.cpp">
      <Filter>Source Files</Filter>
    </ClCompile>
    <ClCompile Include="DataStructure\Load\LoadBase.cpp">
      <Filter>Source Files</Filter>
    </ClCompile>
    <ClCompile Include="DataStructure\Load\Force_Element.cpp">
      <Filter>Source Files</Filter>
    </ClCompile>
    <ClCompile Include="DataStructure\Load\Force_Gravity.cpp">
      <Filter>Source Files</Filter>
    </ClCompile>
    <ClCompile Include="DataStructure\AnalysisStep\AnalysisStep.cpp">
      <Filter>Source Files</Filter>
    </ClCompile>
    <ClCompile Include="DataStructure\Region\ComputeRegion.cpp">
      <Filter>Source Files</Filter>
    </ClCompile>
    <ClCompile Include="DataStructure\Region\ModelSet.cpp">
      <Filter>Source Files</Filter>
    </ClCompile>
    <ClCompile Include="DataStructure\Element\ElementCable.cpp">
      <Filter>Source Files</Filter>
    </ClCompile>
    <ClCompile Include="Export\Outputter.cpp">
      <Filter>Source Files</Filter>
    </ClCompile>
    <ClCompile Include="Export\Hdf5ModelIO.cpp">
      <Filter>Source Files</Filter>
    </ClCompile>
    <ClCompile Include="Export\Hdf5ResultReader.cpp">
      <Filter>Source Files</Filter>
    </ClCompile>
    <ClCompile Include="Export\Hdf5ResultWriter.cpp">
      <Filter>Source Files</Filter>
    </ClCompile>
    <ClCompile Include="Export\Hdf5ModelSerializer.cpp">
      <Filter>Source Files</Filter>
    </ClCompile>
    <ClCompile Include="Export\ResultExporter.cpp">
      <Filter>Source Files</Filter>
    </ClCompile>
    <ClCompile Include="Export\ResultFrameUtilities.cpp">
      <Filter>Source Files</Filter>
    </ClCompile>
    <ClCompile Include="DataStructure\Load\Force_Wind.cpp">
      <Filter>Source Files</Filter>
    </ClCompile>
    <ClCompile Include="Conductor\Conductor.cpp">
      <Filter>Source Files</Filter>
    </ClCompile>
    <ClCompile Include="Conductor\ConductorModelBuilder.cpp">
      <Filter>Source Files</Filter>
    </ClCompile>
    <ClCompile Include="Conductor\PropertyLibrary.cpp">
      <Filter>Source Files</Filter>
    </ClCompile>
    <ClCompile Include="Solver\Dynamic\Integrators\SolverNewmark.cpp">
      <Filter>Source Files</Filter>
    </ClCompile>
    <ClCompile Include="Solver\Dynamic\Integrators\SolverRungeKutta4.cpp">
      <Filter>Source Files</Filter>
    </ClCompile>
    <ClCompile Include="Solver\Dynamic\TimeStepping\TimeStepControl.cpp">
      <Filter>Source Files</Filter>
    </ClCompile>
    <ClCompile Include="Solver\Dynamic\TimeStepping\TimeStepError.cpp">
      <Filter>Source Files</Filter>
    </ClCompile>
    <ClCompile Include="Solver\Dynamic\Damping\StructuralDamping.cpp">
      <Filter>Source Files</Filter>
    </ClCompile>
    <ClCompile Include="Solver\Static\SolverStatic.cpp">
      <Filter>Source Files</Filter>
    </ClCompile>
    <ClCompile Include="Solver\AnalysisRunner.cpp">
      <Filter>Source Files</Filter>
    </ClCompile>
    <ClCompile Include="DataStructure\Aerodynamics\AeroManager.cpp">
      <Filter>Source Files</Filter>
    </ClCompile>
    <ClCompile Include="DataStructure\Aerodynamics\GallopingStabilityAnalyzer.cpp">
      <Filter>Source Files</Filter>
    </ClCompile>
    <ClCompile Include="DataStructure\Element\ElementBeam_CR.cpp">
      <Filter>Source Files</Filter>
    </ClCompile>
    <ClCompile Include="Utility\CR.cpp">
      <Filter>Source Files</Filter>
    </ClCompile>
    <ClCompile Include="Utility\ResultTextFormat.cpp">
      <Filter>Source Files</Filter>
    </ClCompile>
    <ClCompile Include="Utility\Logger\Logger.cpp">
      <Filter>Source Files</Filter>
    </ClCompile>
    <ClCompile Include="DataStructure\Section\SectionRectangle.cpp">
      <Filter>Source Files</Filter>
    </ClCompile>
    <ClCompile Include="Solver\Dynamic\Integrators\SolverAdaptiveTSSBN.cpp">
      <Filter>Source Files</Filter>
    </ClCompile>
  </ItemGroup>
  <ItemGroup>
    <ResourceCompile Include="app_icon.rc">
      <Filter>Resource Files</Filter>
    </ResourceCompile>
    <None Include="Resource\app_icon.ico">
      <Filter>Resource Files</Filter>
    </None>
    <None Include="Resource\app_icon_source.png">
      <Filter>Resource Files</Filter>
    </None>
  </ItemGroup>
  <ItemGroup>
    <ClInclude Include="Base\Base.h">
      <Filter>Header Files</Filter>
    </ClInclude>
    <ClInclude Include="Base\EmptyOUT.h">
      <Filter>Header Files</Filter>
    </ClInclude>
    <ClInclude Include="Utility\pch.h">
      <Filter>Header Files</Filter>
    </ClInclude>
    <ClInclude Include="DataStructure\Node\Node.h">
      <Filter>Header Files</Filter>
    </ClInclude>
    <ClInclude Include="DataStructure\Inertia\RigidBodyInertia.h">
      <Filter>Header Files</Filter>
    </ClInclude>
    <ClInclude Include="DataStructure\Element\ElementBase.h">
      <Filter>Header Files</Filter>
    </ClInclude>
    <ClInclude Include="DataStructure\Element\SpringBehavior.h"><Filter>Header Files</Filter></ClInclude>
    <ClInclude Include="DataStructure\Element\ElementSpringBase.h"><Filter>Header Files</Filter></ClInclude>
    <ClInclude Include="DataStructure\Element\ElementSpring1.h"><Filter>Header Files</Filter></ClInclude>
    <ClInclude Include="DataStructure\Element\ElementSpring2.h"><Filter>Header Files</Filter></ClInclude>
    <ClInclude Include="DataStructure\Element\ElementSpringA.h"><Filter>Header Files</Filter></ClInclude>
    <ClInclude Include="DataStructure\Element\ElementTruss.h">
      <Filter>Header Files</Filter>
    </ClInclude>
    <ClInclude Include="DataStructure\Material\Material.h">
      <Filter>Header Files</Filter>
    </ClInclude>
    <ClInclude Include="DataStructure\Property\Property.h">
      <Filter>Header Files</Filter>
    </ClInclude>
    <ClInclude Include="DataStructure\Section\SectionBase.h">
      <Filter>Header Files</Filter>
    </ClInclude>
    <ClInclude Include="Utility\EnumKeyword.h">
      <Filter>Header Files</Filter>
    </ClInclude>
    <ClInclude Include="Import\Input_Model.h">
      <Filter>Header Files</Filter>
    </ClInclude>
    <ClInclude Include="DataStructure\Structure\StructureData.h">
      <Filter>Header Files</Filter>
    </ClInclude>
    <ClInclude Include="DataStructure\Section\SectionCircular.h">
      <Filter>Header Files</Filter>
    </ClInclude>
    <ClInclude Include="DataStructure\Section\Section_Ice.h">
      <Filter>Header Files</Filter>
    </ClInclude>
    <ClInclude Include="DataStructure\Constraint\Constraint.h">
      <Filter>Header Files</Filter>
    </ClInclude>
    <ClInclude Include="DataStructure\Load\Force_Node.h">
      <Filter>Header Files</Filter>
    </ClInclude>
    <ClInclude Include="DataStructure\Load\LoadBase.h">
      <Filter>Header Files</Filter>
    </ClInclude>
    <ClInclude Include="DataStructure\Load\Force_Element.h">
      <Filter>Header Files</Filter>
    </ClInclude>
    <ClInclude Include="DataStructure\Load\Force_Gravity.h">
      <Filter>Header Files</Filter>
    </ClInclude>
    <ClInclude Include="DataStructure\AnalysisStep\AnalysisStep.h">
      <Filter>Header Files</Filter>
    </ClInclude>
    <ClInclude Include="DataStructure\Region\ComputeRegion.h">
      <Filter>Header Files</Filter>
    </ClInclude>
    <ClInclude Include="DataStructure\Region\ModelSet.h">
      <Filter>Header Files</Filter>
    </ClInclude>
    <ClInclude Include="DataStructure\Element\ElementCable.h">
      <Filter>Header Files</Filter>
    </ClInclude>
    <ClInclude Include="Export\Outputter.h">
      <Filter>Header Files</Filter>
    </ClInclude>
    <ClInclude Include="Export\ResultOutputSettings.h">
      <Filter>Header Files</Filter>
    </ClInclude>
    <ClInclude Include="Export\Hdf5ModelIO.h">
      <Filter>Header Files</Filter>
    </ClInclude>
    <ClInclude Include="Export\Hdf5ResultReader.h">
      <Filter>Header Files</Filter>
    </ClInclude>
    <ClInclude Include="Export\Hdf5ResultWriter.h">
      <Filter>Header Files</Filter>
    </ClInclude>
    <ClInclude Include="GUI\Controllers\WorkspaceController.h">
      <Filter>Header Files</Filter>
    </ClInclude>
    <ClInclude Include="Export\Hdf5ModelSerializer.h">
      <Filter>Header Files</Filter>
    </ClInclude>
    <ClInclude Include="Export\ResultExporter.h">
      <Filter>Header Files</Filter>
    </ClInclude>
    <ClInclude Include="Export\Hdf5ResultData.h">
      <Filter>Header Files</Filter>
    </ClInclude>
    <ClInclude Include="Export\ResultFrameUtilities.h">
      <Filter>Header Files</Filter>
    </ClInclude>
    <ClInclude Include="DataStructure\Load\Force_Wind.h">
      <Filter>Header Files</Filter>
    </ClInclude>
    <ClInclude Include="Conductor\Conductor.h">
      <Filter>Header Files</Filter>
    </ClInclude>
    <ClInclude Include="Conductor\ConductorModelBuilder.h">
      <Filter>Header Files</Filter>
    </ClInclude>
    <ClInclude Include="Conductor\PropertyLibrary.h">
      <Filter>Header Files</Filter>
    </ClInclude>
    <ClInclude Include="Solver\Dynamic\Integrators\SolverNewmark.h">
      <Filter>Header Files</Filter>
    </ClInclude>
    <ClInclude Include="Solver\Dynamic\Integrators\SolverRungeKutta4.h">
      <Filter>Header Files</Filter>
    </ClInclude>
    <ClInclude Include="Solver\Dynamic\TimeStepping\TimeStepControl.h">
      <Filter>Header Files</Filter>
    </ClInclude>
    <ClInclude Include="Solver\Dynamic\TimeStepping\TimeStepError.h">
      <Filter>Header Files</Filter>
    </ClInclude>
    <ClInclude Include="Solver\Dynamic\Damping\RayleighDamping.h">
      <Filter>Header Files</Filter>
    </ClInclude>
    <ClInclude Include="Solver\Dynamic\Damping\StructuralDamping.h">
      <Filter>Header Files</Filter>
    </ClInclude>
    <ClInclude Include="Solver\Interface\IAnalysisModel.h">
      <Filter>Header Files</Filter>
    </ClInclude>
    <ClInclude Include="Solver\Interface\ISolver.h">
      <Filter>Header Files</Filter>
    </ClInclude>
    <ClInclude Include="Solver\Linear\LinearSystemSolver.h">
      <Filter>Header Files</Filter>
    </ClInclude>
    <ClInclude Include="Solver\Assembly\AssemblySettings.h">
      <Filter>Header Files</Filter>
    </ClInclude>
    <ClInclude Include="Solver\Factory\SolverFactory.h">
      <Filter>Header Files</Filter>
    </ClInclude>
    <ClInclude Include="Solver\AnalysisRunner.h">
      <Filter>Header Files</Filter>
    </ClInclude>
    <ClInclude Include="Solver\Static\SolverStatic.h">
      <Filter>Header Files</Filter>
    </ClInclude>
    <ClInclude Include="DataStructure\Aerodynamics\AeroManager.h">
      <Filter>Header Files</Filter>
    </ClInclude>
    <ClInclude Include="DataStructure\Aerodynamics\GallopingStabilityAnalyzer.h">
      <Filter>Header Files</Filter>
    </ClInclude>
    <ClInclude Include="DataStructure\Element\ElementBeam_CR.h">
      <Filter>Header Files</Filter>
    </ClInclude>
    <ClInclude Include="Utility\CR.h">
      <Filter>Header Files</Filter>
    </ClInclude>
    <ClInclude Include="Utility\ResultTextFormat.h">
      <Filter>Header Files</Filter>
    </ClInclude>
    <ClInclude Include="Utility\Logger\Logger.h">
      <Filter>Header Files</Filter>
    </ClInclude>
    <ClInclude Include="DataStructure\Section\SectionRectangle.h">
      <Filter>Header Files</Filter>
    </ClInclude>
    <ClInclude Include="Solver\Dynamic\Integrators\SolverAdaptiveTSSBN.h">
      <Filter>Header Files</Filter>
    </ClInclude>
  </ItemGroup>
  <ItemGroup>
    <Text Include="Import\ImportFile\ce.txt" />
    <Text Include="Import\ImportFile\Von-Mises-Truss.txt" />
    <Text Include="Import\ImportFile\两斜杆受压.bdf" />
    <Text Include="Import\ImportFile\1111.bdf" />
    <Text Include="Import\ImportFile\11.txt" />
    <Text Include="Import\ImportFile\daoxian.txt" />
    <Text Include="Import\ImportFile\sifenlie.txt" />
  </ItemGroup>
  <ItemGroup>
    <None Include="Import\FileFormat.md" />
    <None Include="Import\ImportFile\竖直杆受轴和水平力.bdf" />
    <None Include="Import\ImportFile\斜杆一端受压.bdf" />
    <None Include="Import\ImportFile\两维梁.bdf" />
    <None Include="packages.config" />
    <None Include="Import\ImportFile\测试梁.bdf" />
    <None Include="Import\ImportFile\45梁.bdf" />
    <None Include="Import\ImportFile\直角梁.bdf" />
  </ItemGroup>
</Project>
