<?xml version="1.0" encoding="utf-8"?>
<Project ToolsVersion="4.0" xmlns="http://schemas.microsoft.com/developer/msbuild/2003">
  <ItemGroup>
    <Filter Include="Source Files">
      <UniqueIdentifier>{4FC737F1-C7A5-4376-A066-2A32D752A2FF}</UniqueIdentifier>
      <Extensions>qml;cpp;c;cc;cxx;def;odl;idl;hpj;bat;asm;asmx</Extensions>
    </Filter>
    <Filter Include="Header Files">
      <UniqueIdentifier>{93995380-89BD-4b04-88EB-625FBE52EBFB}</UniqueIdentifier>
      <Extensions>h;hh;hpp;hxx;hm;inl;inc;xsd</Extensions>
    </Filter>
    <Filter Include="Resource Files">
      <UniqueIdentifier>{67DA6AB6-F800-4c08-8B7A-83BB121AAD01}</UniqueIdentifier>
      <Extensions>qrc;rc;ico;cur;bmp;dlg;rc2;rct;bin;rgs;gif;jpg;jpeg;jpe;resx;tiff;tif;png;wav;mfcribbon-ms</Extensions>
    </Filter>
    <Filter Include="Form Files">
      <UniqueIdentifier>{99349809-55BA-4b9d-BF79-8FDBB0286EB3}</UniqueIdentifier>
      <Extensions>ui</Extensions>
    </Filter>
    <Filter Include="Translation Files">
      <UniqueIdentifier>{639EADAA-A684-42e4-A9AD-28FC9BCB8F7C}</UniqueIdentifier>
      <Extensions>ts</Extensions>
    </Filter>
  </ItemGroup>
  <ItemGroup>
    <QtRcc Include="Resource\YQY.qrc">
      <Filter>Resource Files</Filter>
    </QtRcc>
    <QtUic Include="GUI\YQY.ui">
      <Filter>Form Files</Filter>
    </QtUic>
    <QtMoc Include="GUI\YQY.h">
      <Filter>Header Files</Filter>
    </QtMoc>
    <ClCompile Include="GUI\YQY.cpp">
      <Filter>Source Files</Filter>
    </ClCompile>
  </ItemGroup>
  <ItemGroup>
    <ClCompile Include="main.cpp">
      <Filter>Source Files</Filter>
    </ClCompile>
    <ClCompile Include="Base\Base.cpp">
      <Filter>Source Files</Filter>
    </ClCompile>
    <ClCompile Include="DataStructure\Node\Node.cpp">
      <Filter>Source Files</Filter>
    </ClCompile>
    <ClCompile Include="DataStructure\Element\ElementBase.cpp">
      <Filter>Source Files</Filter>
    </ClCompile>
    <ClCompile Include="DataStructure\Element\ElementTruss.cpp">
      <Filter>Source Files</Filter>
    </ClCompile>
    <ClCompile Include="DataStructure\Material\Material.cpp">
      <Filter>Source Files</Filter>
    </ClCompile>
    <ClCompile Include="DataStructure\Property\Property.cpp">
      <Filter>Source Files</Filter>
    </ClCompile>
    <ClCompile Include="DataStructure\Section\SectionBase.cpp">
      <Filter>Source Files</Filter>
    </ClCompile>
    <ClCompile Include="Utility\EnumKeyword.cpp">
      <Filter>Source Files</Filter>
    </ClCompile>
    <ClCompile Include="Import\Input_Model.cpp">
      <Filter>Source Files</Filter>
    </ClCompile>
    <ClCompile Include="DataStructure\Structure\StructureData.cpp">
      <Filter>Source Files</Filter>
    </ClCompile>
    <ClCompile Include="DataStructure\Section\SectionCircular.cpp">
      <Filter>Source Files</Filter>
    </ClCompile>
    <ClCompile Include="DataStructure\Constraint\Constraint.cpp">
      <Filter>Source Files</Filter>
    </ClCompile>
    <ClCompile Include="DataStructure\Load\Force_Node.cpp">
      <Filter>Source Files</Filter>
    </ClCompile>
    <ClCompile Include="DataStructure\Load\LoadBase.cpp">
      <Filter>Source Files</Filter>
    </ClCompile>
    <ClCompile Include="DataStructure\Load\Force_Element.cpp">
      <Filter>Source Files</Filter>
    </ClCompile>
    <ClCompile Include="DataStructure\Load\Force_Gravity.cpp">
      <Filter>Source Files</Filter>
    </ClCompile>
    <ClCompile Include="DataStructure\AnalysisStep\AnalysisStep.cpp">
      <Filter>Source Files</Filter>
    </ClCompile>
    <ClCompile Include="DataStructure\Element\ElementBeam.cpp">
      <Filter>Source Files</Filter>
    </ClCompile>
    <ClCompile Include="DataStructure\Element\ElementCable.cpp">
      <Filter>Source Files</Filter>
    </ClCompile>
    <ClCompile Include="Utility\ModelManager.cpp">
      <Filter>Source Files</Filter>
    </ClCompile>
    <ClCompile Include="Solver\Solver.cpp">
      <Filter>Source Files</Filter>
    </ClCompile>
  </ItemGroup>
  <ItemGroup>
    <ClInclude Include="Base\Base.h">
      <Filter>Header Files</Filter>
    </ClInclude>
    <ClInclude Include="DataStructure\Node\Node.h">
      <Filter>Header Files</Filter>
    </ClInclude>
    <ClInclude Include="DataStructure\Element\ElementBase.h">
      <Filter>Header Files</Filter>
    </ClInclude>
    <ClInclude Include="DataStructure\Element\ElementTruss.h">
      <Filter>Header Files</Filter>
    </ClInclude>
    <ClInclude Include="DataStructure\Material\Material.h">
      <Filter>Header Files</Filter>
    </ClInclude>
    <ClInclude Include="DataStructure\Property\Property.h">
      <Filter>Header Files</Filter>
    </ClInclude>
    <ClInclude Include="DataStructure\Section\SectionBase.h">
      <Filter>Header Files</Filter>
    </ClInclude>
    <ClInclude Include="Utility\EnumKeyword.h">
      <Filter>Header Files</Filter>
    </ClInclude>
    <ClInclude Include="Import\Input_Model.h">
      <Filter>Header Files</Filter>
    </ClInclude>
    <ClInclude Include="DataStructure\Structure\StructureData.h">
      <Filter>Header Files</Filter>
    </ClInclude>
    <ClInclude Include="DataStructure\Section\SectionCircular.h">
      <Filter>Header Files</Filter>
    </ClInclude>
    <ClInclude Include="DataStructure\Constraint\Constraint.h">
      <Filter>Header Files</Filter>
    </ClInclude>
    <ClInclude Include="DataStructure\Load\Force_Node.h">
      <Filter>Header Files</Filter>
    </ClInclude>
    <ClInclude Include="DataStructure\Load\LoadBase.h">
      <Filter>Header Files</Filter>
    </ClInclude>
    <ClInclude Include="DataStructure\Load\Force_Element.h">
      <Filter>Header Files</Filter>
    </ClInclude>
    <ClInclude Include="DataStructure\Load\Force_Gravity.h">
      <Filter>Header Files</Filter>
    </ClInclude>
    <ClInclude Include="DataStructure\AnalysisStep\AnalysisStep.h">
      <Filter>Header Files</Filter>
    </ClInclude>
    <ClInclude Include="DataStructure\Element\ElementBeam.h">
      <Filter>Header Files</Filter>
    </ClInclude>
    <ClInclude Include="DataStructure\Element\ElementCable.h">
      <Filter>Header Files</Filter>
    </ClInclude>
    <ClInclude Include="Utility\ModelManager.h">
      <Filter>Header Files</Filter>
    </ClInclude>
    <ClInclude Include="Solver\Solver.h">
      <Filter>Header Files</Filter>
    </ClInclude>
  </ItemGroup>
  <ItemGroup>
    <Text Include="Import\ImportFile\Start.txt" />
    <Text Include="Import\ImportFile\ce.txt" />
  </ItemGroup>
  <ItemGroup>
    <None Include="Import\FileFormat.md" />
  </ItemGroup>
</Project>